
Microsoft Visual Studio Solution File, Format Version 12.00
# Visual Studio 15
VisualStudioVersion = 15.0.28307.136
MinimumVisualStudioVersion = 10.0.40219.1
Project("{FAE04EC0-301F-11D3-BF4B-00C04F79EFBC}") = "EstudoRabbitMQ", "EstudoRabbitMQ\EstudoRabbitMQ.csproj", "{C186804D-8DF7-4B1B-889B-83A86B725EED}"
EndProject
Global
	GlobalSection(SolutionConfigurationPlatforms) = preSolution
		Debug|Any CPU = Debug|Any CPU
		Release|Any CPU = Release|Any CPU
	EndGlobalSection
	GlobalSection(ProjectConfigurationPlatforms) = postSolution
		{C186804D-8DF7-4B1B-889B-83A86B725EED}.Debug|Any CPU.ActiveCfg = Debug|Any CPU
		{C186804D-8DF7-4B1B-889B-83A86B725EED}.Debug|Any CPU.Build.0 = Debug|Any CPU
		{C186804D-8DF7-4B1B-889B-83A86B725EED}.Release|Any CPU.ActiveCfg = Release|Any CPU
		{C186804D-8DF7-4B1B-889B-83A86B725EED}.Release|Any CPU.Build.0 = Release|Any CPU
	EndGlobalSection
	GlobalSection(SolutionProperties) = preSolution
		HideSolutionNode = FALSE
	EndGlobalSection
	GlobalSection(ExtensibilityGlobals) = postSolution
		SolutionGuid = {0EEB51B7-25F7-44B6-A02E-1BE388528C89}
	EndGlobalSection
EndGlobal
